Microsoft Visual Studio Solution File, Format Version 12.00
# Visual Studio Version 17
VisualStudioVersion = 17.5.2.0
MinimumVisualStudioVersion = 10.0.40219.1
Project("{FAE04EC0-301F-11D3-BF4B-00C04F79EFBC}") = "FileStorageProject", "FileStorageProject.csproj", "{E1E1B920-107F-D199-C5B4-3EE289A04944}"
EndProject
Global
	GlobalSection(SolutionConfigurationPlatforms) = preSolution
		Debug|Any CPU = Debug|Any CPU
		Release|Any CPU = Release|Any CPU
	EndGlobalSection
	GlobalSection(ProjectConfigurationPlatforms) = postSolution
		{E1E1B920-107F-D199-C5B4-3EE289A04944}.Debug|Any CPU.ActiveCfg = Debug|Any CPU
		{E1E1B920-107F-D199-C5B4-3EE289A04944}.Debug|Any CPU.Build.0 = Debug|Any CPU
		{E1E1B920-107F-D199-C5B4-3EE289A04944}.Release|Any CPU.ActiveCfg = Release|Any CPU
		{E1E1B920-107F-D199-C5B4-3EE289A04944}.Release|Any CPU.Build.0 = Release|Any CPU
	EndGlobalSection
	GlobalSection(SolutionProperties) = preSolution
		HideSolutionNode = FALSE
	EndGlobalSection
	GlobalSection(ExtensibilityGlobals) = postSolution
		SolutionGuid = {07B7B940-5A35-49C2-BD38-BBDD8F5C4A49}
	EndGlobalSection
EndGlobal
